
Microsoft Visual Studio Solution File, Format Version 12.00
# Visual Studio Version 17
VisualStudioVersion = 17.1.32414.318
MinimumVisualStudioVersion = 10.0.40219.1
Project("{888888A0-9F3D-457C-B088-3A5042F75D52}") = "Homework", "Homework\Homework.pyproj", "{F7941D6A-88A8-425D-945A-E6F7F6D84160}"
EndProject
Global
	GlobalSection(SolutionConfigurationPlatforms) = preSolution
		Debug|Any CPU = Debug|Any CPU
		Release|Any CPU = Release|Any CPU
	EndGlobalSection
	GlobalSection(ProjectConfigurationPlatforms) = postSolution
		{F7941D6A-88A8-425D-945A-E6F7F6D84160}.Debug|Any CPU.ActiveCfg = Debug|Any CPU
		{F7941D6A-88A8-425D-945A-E6F7F6D84160}.Release|Any CPU.ActiveCfg = Release|Any CPU
	EndGlobalSection
	GlobalSection(SolutionProperties) = preSolution
		HideSolutionNode = FALSE
	EndGlobalSection
	GlobalSection(ExtensibilityGlobals) = postSolution
		SolutionGuid = {BF1D168C-25A7-4D23-BDD8-2D6E82D4403D}
	EndGlobalSection
EndGlobal
